
Microsoft Visual Studio Solution File, Format Version 12.00
# Visual Studio Version 17
VisualStudioVersion = 17.5.002.0
MinimumVisualStudioVersion = 10.0.40219.1
Project("{9A19103F-16F7-4668-BE54-9A1E7A4F7556}") = "PixelSim", "PixelSim.csproj", "{BFE322E7-8102-48CC-A394-78E556468183}"
EndProject
Global
	GlobalSection(SolutionConfigurationPlatforms) = preSolution
		Debug|Any CPU = Debug|Any CPU
		Release|Any CPU = Release|Any CPU
	EndGlobalSection
	GlobalSection(ProjectConfigurationPlatforms) = postSolution
		{BFE322E7-8102-48CC-A394-78E556468183}.Debug|Any CPU.ActiveCfg = Debug|Any CPU
		{BFE322E7-8102-48CC-A394-78E556468183}.Debug|Any CPU.Build.0 = Debug|Any CPU
		{BFE322E7-8102-48CC-A394-78E556468183}.Release|Any CPU.ActiveCfg = Release|Any CPU
		{BFE322E7-8102-48CC-A394-78E556468183}.Release|Any CPU.Build.0 = Release|Any CPU
	EndGlobalSection
	GlobalSection(SolutionProperties) = preSolution
		HideSolutionNode = FALSE
	EndGlobalSection
	GlobalSection(ExtensibilityGlobals) = postSolution
		SolutionGuid = {17C5CD87-2DFF-4339-BD1D-297852C3B5E0}
	EndGlobalSection
EndGlobal
